{
    "version": 3,
    "terraform_version": "0.11.10",
    "serial": 7,
    "lineage": "adac0986-0f61-6cd1-35e3-01cd67371329",
    "modules": [
        {
            "path": [
                "root"
            ],
            "outputs": {},
            "resources": {
                "docker_container.test-nginx": {
                    "type": "docker_container",
                    "depends_on": [
                        "docker_image.nginx"
                    ],
                    "primary": {
                        "id": "7f69fc497383d0f82ed2ed4781dc0fdfe64286086a1211188a3916264cfb9962",
                        "attributes": {
                            "bridge": "",
                            "gateway": "172.17.0.1",
                            "id": "7f69fc497383d0f82ed2ed4781dc0fdfe64286086a1211188a3916264cfb9962",
                            "image": "sha256:568c4670fa800978e08e4a51132b995a54f8d5ae83ca133ef5546d092b864acf",
                            "ip_address": "172.17.0.2",
                            "ip_prefix_length": "16",
                            "log_driver": "json-file",
                            "must_run": "true",
                            "name": "test-nginx",
                            "ports.#": "1",
                            "ports.4028926921.external": "80",
                            "ports.4028926921.internal": "80",
                            "ports.4028926921.ip": "",
                            "ports.4028926921.protocol": "tcp",
                            "restart": "no"
                        },
                        "meta": {},
                        "tainted": false
                    },
                    "deposed": [],
                    "provider": "provider.docker"
                },
                "docker_image.nginx": {
                    "type": "docker_image",
                    "depends_on": [],
                    "primary": {
                        "id": "sha256:568c4670fa800978e08e4a51132b995a54f8d5ae83ca133ef5546d092b864acfnginx:latest",
                        "attributes": {
                            "id": "sha256:568c4670fa800978e08e4a51132b995a54f8d5ae83ca133ef5546d092b864acfnginx:latest",
                            "latest": "sha256:568c4670fa800978e08e4a51132b995a54f8d5ae83ca133ef5546d092b864acf",
                            "name": "nginx:latest"
                        },
                        "meta": {},
                        "tainted": false
                    },
                    "deposed": [],
                    "provider": "provider.docker"
                }
            },
            "depends_on": []
        }
    ]
}
