{
    "version": 3,
    "terraform_version": "0.11.10",
    "serial": 10,
    "lineage": "cc0d3435-4dd5-8986-2bdc-3d5b78640fc4",
    "modules": [
        {
            "path": [
                "root"
            ],
            "outputs": {},
            "resources": {
                "aws_internet_gateway.default": {
                    "type": "aws_internet_gateway",
                    "depends_on": [
                        "aws_vpc.default"
                    ],
                    "primary": {
                        "id": "igw-046d686c1258de893",
                        "attributes": {
                            "id": "igw-046d686c1258de893",
                            "owner_id": "144066913500",
                            "tags.%": "1",
                            "tags.Name": "My Internet Gateway",
                            "vpc_id": "vpc-0e9a24ae4acbf6b88"
                        },
                        "meta": {},
                        "tainted": false
                    },
                    "deposed": [],
                    "provider": "provider.aws"
                },
                "aws_subnet.private_sub": {
                    "type": "aws_subnet",
                    "depends_on": [
                        "aws_vpc.default"
                    ],
                    "primary": {
                        "id": "subnet-05d2e0bfd105273e5",
                        "attributes": {
                            "arn": "arn:aws:ec2:us-west-2:144066913500:subnet/subnet-05d2e0bfd105273e5",
                            "assign_ipv6_address_on_creation": "false",
                            "availability_zone": "us-west-2b",
                            "availability_zone_id": "usw2-az1",
                            "cidr_block": "10.0.2.0/24",
                            "id": "subnet-05d2e0bfd105273e5",
                            "ipv6_cidr_block": "",
                            "ipv6_cidr_block_association_id": "",
                            "map_public_ip_on_launch": "false",
                            "owner_id": "144066913500",
                            "tags.%": "1",
                            "tags.Name": "My Private Subnet",
                            "vpc_id": "vpc-0e9a24ae4acbf6b88"
                        },
                        "meta": {
                            "e2bfb730-ecaa-11e6-8f88-34363bc7c4c0": {
                                "create": 600000000000,
                                "delete": 600000000000
                            },
                            "schema_version": "1"
                        },
                        "tainted": false
                    },
                    "deposed": [],
                    "provider": "provider.aws"
                },
                "aws_subnet.public_sub": {
                    "type": "aws_subnet",
                    "depends_on": [
                        "aws_vpc.default"
                    ],
                    "primary": {
                        "id": "subnet-0c26e399b9aabfc14",
                        "attributes": {
                            "arn": "arn:aws:ec2:us-west-2:144066913500:subnet/subnet-0c26e399b9aabfc14",
                            "assign_ipv6_address_on_creation": "false",
                            "availability_zone": "us-west-2a",
                            "availability_zone_id": "usw2-az2",
                            "cidr_block": "10.0.1.0/24",
                            "id": "subnet-0c26e399b9aabfc14",
                            "ipv6_cidr_block": "",
                            "ipv6_cidr_block_association_id": "",
                            "map_public_ip_on_launch": "false",
                            "owner_id": "144066913500",
                            "tags.%": "1",
                            "tags.Name": "My Public Subnet",
                            "vpc_id": "vpc-0e9a24ae4acbf6b88"
                        },
                        "meta": {
                            "e2bfb730-ecaa-11e6-8f88-34363bc7c4c0": {
                                "create": 600000000000,
                                "delete": 600000000000
                            },
                            "schema_version": "1"
                        },
                        "tainted": false
                    },
                    "deposed": [],
                    "provider": "provider.aws"
                },
                "aws_vpc.default": {
                    "type": "aws_vpc",
                    "depends_on": [],
                    "primary": {
                        "id": "vpc-0e9a24ae4acbf6b88",
                        "attributes": {
                            "arn": "arn:aws:ec2:us-west-2:144066913500:vpc/vpc-0e9a24ae4acbf6b88",
                            "assign_generated_ipv6_cidr_block": "false",
                            "cidr_block": "10.0.0.0/16",
                            "default_network_acl_id": "acl-00b2bbdde08083faf",
                            "default_route_table_id": "rtb-04d758d58826ffb95",
                            "default_security_group_id": "sg-0625bc89a2872ceb2",
                            "dhcp_options_id": "dopt-0a014814f1c329d99",
                            "enable_classiclink": "false",
                            "enable_classiclink_dns_support": "false",
                            "enable_dns_hostnames": "false",
                            "enable_dns_support": "true",
                            "id": "vpc-0e9a24ae4acbf6b88",
                            "instance_tenancy": "default",
                            "ipv6_association_id": "",
                            "ipv6_cidr_block": "",
                            "main_route_table_id": "rtb-04d758d58826ffb95",
                            "owner_id": "144066913500",
                            "tags.%": "1",
                            "tags.Name": "My VPC"
                        },
                        "meta": {
                            "schema_version": "1"
                        },
                        "tainted": false
                    },
                    "deposed": [],
                    "provider": "provider.aws"
                }
            },
            "depends_on": []
        }
    ]
}
